
Microsoft Visual Studio Solution File, Format Version 12.00
# Visual Studio Version 16
VisualStudioVersion = 16.0.31321.278
MinimumVisualStudioVersion = 10.0.40219.1
Project("{FAE04EC0-301F-11D3-BF4B-00C04F79EFBC}") = "BookStore.Api", "src\BookStore.Api\BookStore.Api.csproj", "{D8104EF7-B9DC-465D-8F03-680045667A25}"
EndProject
Project("{FAE04EC0-301F-11D3-BF4B-00C04F79EFBC}") = "BookStore.Domain", "src\BookStore.Domain\BookStore.Domain.csproj", "{A2AFD749-415D-46AF-9E5E-C6E529D1D3B9}"
EndProject
Project("{FAE04EC0-301F-11D3-BF4B-00C04F79EFBC}") = "BookStore.Infrastructure", "src\BookStore.Infrastructure\BookStore.Infrastructure.csproj", "{22EB328A-EF7A-43FE-8C09-AF7B899BDA56}"
EndProject
Global
	GlobalSection(SolutionConfigurationPlatforms) = preSolution
		Debug|Any CPU = Debug|Any CPU
		Release|Any CPU = Release|Any CPU
	EndGlobalSection
	GlobalSection(ProjectConfigurationPlatforms) = postSolution
		{D8104EF7-B9DC-465D-8F03-680045667A25}.Debug|Any CPU.ActiveCfg = Debug|Any CPU
		{D8104EF7-B9DC-465D-8F03-680045667A25}.Debug|Any CPU.Build.0 = Debug|Any CPU
		{D8104EF7-B9DC-465D-8F03-680045667A25}.Release|Any CPU.ActiveCfg = Release|Any CPU
		{D8104EF7-B9DC-465D-8F03-680045667A25}.Release|Any CPU.Build.0 = Release|Any CPU
		{A2AFD749-415D-46AF-9E5E-C6E529D1D3B9}.Debug|Any CPU.ActiveCfg = Debug|Any CPU
		{A2AFD749-415D-46AF-9E5E-C6E529D1D3B9}.Debug|Any CPU.Build.0 = Debug|Any CPU
		{A2AFD749-415D-46AF-9E5E-C6E529D1D3B9}.Release|Any CPU.ActiveCfg = Release|Any CPU
		{A2AFD749-415D-46AF-9E5E-C6E529D1D3B9}.Release|Any CPU.Build.0 = Release|Any CPU
		{22EB328A-EF7A-43FE-8C09-AF7B899BDA56}.Debug|Any CPU.ActiveCfg = Debug|Any CPU
		{22EB328A-EF7A-43FE-8C09-AF7B899BDA56}.Debug|Any CPU.Build.0 = Debug|Any CPU
		{22EB328A-EF7A-43FE-8C09-AF7B899BDA56}.Release|Any CPU.ActiveCfg = Release|Any CPU
		{22EB328A-EF7A-43FE-8C09-AF7B899BDA56}.Release|Any CPU.Build.0 = Release|Any CPU
	EndGlobalSection
	GlobalSection(SolutionProperties) = preSolution
		HideSolutionNode = FALSE
	EndGlobalSection
	GlobalSection(ExtensibilityGlobals) = postSolution
		SolutionGuid = {89E97CDD-FEDA-4A90-A815-15C9D35C6DE7}
	EndGlobalSection
EndGlobal
